
Microsoft Visual Studio Solution File, Format Version 12.00
# Visual Studio Version 17
VisualStudioVersion = 17.9.34701.34
MinimumVisualStudioVersion = 10.0.40219.1
Project("{FAE04EC0-301F-11D3-BF4B-00C04F79EFBC}") = "talktalk", "talktalk\talktalk.csproj", "{0C687977-5199-44AC-8DD9-2021D781C76D}"
EndProject
Project("{FAE04EC0-301F-11D3-BF4B-00C04F79EFBC}") = "ClassLibrary", "ClassLibrary\ClassLibrary.csproj", "{16204D09-4EDF-44ED-AC0B-6B795A10700C}"
EndProject
Project("{FAE04EC0-301F-11D3-BF4B-00C04F79EFBC}") = "PacketClient", "PacketClient\PacketClient.csproj", "{E27DD995-B35D-4530-903B-6B253E5625C6}"
EndProject
Project("{FAE04EC0-301F-11D3-BF4B-00C04F79EFBC}") = "PacketServer", "PacketServer\PacketServer.csproj", "{AC136D50-983E-42F0-B6AA-886B081FE167}"
EndProject
Project("{FAE04EC0-301F-11D3-BF4B-00C04F79EFBC}") = "Game1", "Game1\Game1.csproj", "{48249205-B1A3-44A7-9989-3F914E5F849B}"
EndProject
Project("{FAE04EC0-301F-11D3-BF4B-00C04F79EFBC}") = "game2", "game2\game2.csproj", "{9AD38F6A-B21A-4AE7-8581-B9BE5F2FF97D}"
EndProject
Global
	GlobalSection(SolutionConfigurationPlatforms) = preSolution
		Debug|Any CPU = Debug|Any CPU
		Release|Any CPU = Release|Any CPU
	EndGlobalSection
	GlobalSection(ProjectConfigurationPlatforms) = postSolution
		{0C687977-5199-44AC-8DD9-2021D781C76D}.Debug|Any CPU.ActiveCfg = Debug|Any CPU
		{0C687977-5199-44AC-8DD9-2021D781C76D}.Debug|Any CPU.Build.0 = Debug|Any CPU
		{0C687977-5199-44AC-8DD9-2021D781C76D}.Release|Any CPU.ActiveCfg = Release|Any CPU
		{0C687977-5199-44AC-8DD9-2021D781C76D}.Release|Any CPU.Build.0 = Release|Any CPU
		{16204D09-4EDF-44ED-AC0B-6B795A10700C}.Debug|Any CPU.ActiveCfg = Debug|Any CPU
		{16204D09-4EDF-44ED-AC0B-6B795A10700C}.Debug|Any CPU.Build.0 = Debug|Any CPU
		{16204D09-4EDF-44ED-AC0B-6B795A10700C}.Release|Any CPU.ActiveCfg = Release|Any CPU
		{16204D09-4EDF-44ED-AC0B-6B795A10700C}.Release|Any CPU.Build.0 = Release|Any CPU
		{E27DD995-B35D-4530-903B-6B253E5625C6}.Debug|Any CPU.ActiveCfg = Debug|Any CPU
		{E27DD995-B35D-4530-903B-6B253E5625C6}.Debug|Any CPU.Build.0 = Debug|Any CPU
		{E27DD995-B35D-4530-903B-6B253E5625C6}.Release|Any CPU.ActiveCfg = Release|Any CPU
		{E27DD995-B35D-4530-903B-6B253E5625C6}.Release|Any CPU.Build.0 = Release|Any CPU
		{AC136D50-983E-42F0-B6AA-886B081FE167}.Debug|Any CPU.ActiveCfg = Debug|Any CPU
		{AC136D50-983E-42F0-B6AA-886B081FE167}.Debug|Any CPU.Build.0 = Debug|Any CPU
		{AC136D50-983E-42F0-B6AA-886B081FE167}.Release|Any CPU.ActiveCfg = Release|Any CPU
		{AC136D50-983E-42F0-B6AA-886B081FE167}.Release|Any CPU.Build.0 = Release|Any CPU
		{48249205-B1A3-44A7-9989-3F914E5F849B}.Debug|Any CPU.ActiveCfg = Debug|Any CPU
		{48249205-B1A3-44A7-9989-3F914E5F849B}.Debug|Any CPU.Build.0 = Debug|Any CPU
		{48249205-B1A3-44A7-9989-3F914E5F849B}.Release|Any CPU.ActiveCfg = Release|Any CPU
		{48249205-B1A3-44A7-9989-3F914E5F849B}.Release|Any CPU.Build.0 = Release|Any CPU
		{9AD38F6A-B21A-4AE7-8581-B9BE5F2FF97D}.Debug|Any CPU.ActiveCfg = Debug|Any CPU
		{9AD38F6A-B21A-4AE7-8581-B9BE5F2FF97D}.Debug|Any CPU.Build.0 = Debug|Any CPU
		{9AD38F6A-B21A-4AE7-8581-B9BE5F2FF97D}.Release|Any CPU.ActiveCfg = Release|Any CPU
		{9AD38F6A-B21A-4AE7-8581-B9BE5F2FF97D}.Release|Any CPU.Build.0 = Release|Any CPU
	EndGlobalSection
	GlobalSection(SolutionProperties) = preSolution
		HideSolutionNode = FALSE
	EndGlobalSection
	GlobalSection(ExtensibilityGlobals) = postSolution
		SolutionGuid = {6E9C866C-10F8-4B37-867B-336DB1F4D03E}
	EndGlobalSection
EndGlobal
